// !$*UTF8*$!
{
	archiveVersion = 1;
	classes = {
	};
	objectVersion = 50;
	objects = {

/* Begin PBXBuildFile section */
		F135350A26AD543A00FAC978 /* AppDelegate.m in Sources */ = {isa = PBXBuildFile; fileRef = F135350926AD543A00FAC978 /* AppDelegate.m */; };
		F135350D26AD543A00FAC978 /* ViewController.m in Sources */ = {isa = PBXBuildFile; fileRef = F135350C26AD543A00FAC978 /* ViewController.m */; };
		F135350F26AD543B00FAC978 /* Assets.xcassets in Resources */ = {isa = PBXBuildFile; fileRef = F135350E26AD543B00FAC978 /* Assets.xcassets */; };
		F135351226AD543B00FAC978 /* Main.storyboard in Resources */ = {isa = PBXBuildFile; fileRef = F135351026AD543B00FAC978 /* Main.storyboard */; };
		F135351526AD543B00FAC978 /* main.m in Sources */ = {isa = PBXBuildFile; fileRef = F135351426AD543B00FAC978 /* main.m */; };
		F135352D26AD560F00FAC978 /* EmptyTestLib.framework in Frameworks */ = {isa = PBXBuildFile; fileRef = F135352B26AD560700FAC978 /* EmptyTestLib.framework */; };
		F135352E26AD560F00FAC978 /* EmptyTestLib.framework in Embed Frameworks */ = {isa = PBXBuildFile; fileRef = F135352B26AD560700FAC978 /* EmptyTestLib.framework */; settings = {ATTRIBUTES = (CodeSignOnCopy, RemoveHeadersOnCopy, ); }; };
/* End PBXBuildFile section */

/* Begin PBXCopyFilesBuildPhase section */
		F135352F26AD560F00FAC978 /* Embed Frameworks */ = {
			isa = PBXCopyFilesBuildPhase;
			buildActionMask = 2147483647;
			dstPath = "";
			dstSubfolderSpec = 10;
			files = (
				F135352E26AD560F00FAC978 /* EmptyTestLib.framework in Embed Frameworks */,
			);
			name = "Embed Frameworks";
			runOnlyForDeploymentPostprocessing = 0;
		};
/* End PBXCopyFilesBuildPhase section */

/* Begin PBXFileReference section */
		F135350526AD543A00FAC978 /* CountPackageSize.app */ = {isa = PBXFileReference; explicitFileType = wrapper.application; includeInIndex = 0; path = CountPackageSize.app; sourceTree = BUILT_PRODUCTS_DIR; };
		F135350826AD543A00FAC978 /* AppDelegate.h */ = {isa = PBXFileReference; lastKnownFileType = sourcecode.c.h; path = AppDelegate.h; sourceTree = "<group>"; };
		F135350926AD543A00FAC978 /* AppDelegate.m */ = {isa = PBXFileReference; lastKnownFileType = sourcecode.c.objc; path = AppDelegate.m; sourceTree = "<group>"; };
		F135350B26AD543A00FAC978 /* ViewController.h */ = {isa = PBXFileReference; lastKnownFileType = sourcecode.c.h; path = ViewController.h; sourceTree = "<group>"; };
		F135350C26AD543A00FAC978 /* ViewController.m */ = {isa = PBXFileReference; lastKnownFileType = sourcecode.c.objc; path = ViewController.m; sourceTree = "<group>"; };
		F135350E26AD543B00FAC978 /* Assets.xcassets */ = {isa = PBXFileReference; lastKnownFileType = folder.assetcatalog; path = Assets.xcassets; sourceTree = "<group>"; };
		F135351126AD543B00FAC978 /* Base */ = {isa = PBXFileReference; lastKnownFileType = file.storyboard; name = Base; path = Base.lproj/Main.storyboard; sourceTree = "<group>"; };
		F135351326AD543B00FAC978 /* Info.plist */ = {isa = PBXFileReference; lastKnownFileType = text.plist.xml; path = Info.plist; sourceTree = "<group>"; };
		F135351426AD543B00FAC978 /* main.m */ = {isa = PBXFileReference; lastKnownFileType = sourcecode.c.objc; path = main.m; sourceTree = "<group>"; };
		F135351626AD543B00FAC978 /* CountPackageSize.entitlements */ = {isa = PBXFileReference; lastKnownFileType = text.plist.entitlements; path = CountPackageSize.entitlements; sourceTree = "<group>"; };
		F135352B26AD560700FAC978 /* EmptyTestLib.framework */ = {isa = PBXFileReference; lastKnownFileType = wrapper.framework; path = EmptyTestLib.framework; sourceTree = "<group>"; };
/* End PBXFileReference section */

/* Begin PBXFrameworksBuildPhase section */
		F135350226AD543A00FAC978 /* Frameworks */ = {
			isa = PBXFrameworksBuildPhase;
			buildActionMask = 2147483647;
			files = (
				F135352D26AD560F00FAC978 /* EmptyTestLib.framework in Frameworks */,
			);
			runOnlyForDeploymentPostprocessing = 0;
		};
/* End PBXFrameworksBuildPhase section */

/* Begin PBXGroup section */
		F13534FC26AD543A00FAC978 = {
			isa = PBXGroup;
			children = (
				F135352A26AD560700FAC978 /* Libs */,
				F135350726AD543A00FAC978 /* CountPackageSize */,
				F135350626AD543A00FAC978 /* Products */,
			);
			sourceTree = "<group>";
		};
		F135350626AD543A00FAC978 /* Products */ = {
			isa = PBXGroup;
			children = (
				F135350526AD543A00FAC978 /* CountPackageSize.app */,
			);
			name = Products;
			sourceTree = "<group>";
		};
		F135350726AD543A00FAC978 /* CountPackageSize */ = {
			isa = PBXGroup;
			children = (
				F135350826AD543A00FAC978 /* AppDelegate.h */,
				F135350926AD543A00FAC978 /* AppDelegate.m */,
				F135350B26AD543A00FAC978 /* ViewController.h */,
				F135350C26AD543A00FAC978 /* ViewController.m */,
				F135350E26AD543B00FAC978 /* Assets.xcassets */,
				F135351026AD543B00FAC978 /* Main.storyboard */,
				F135351326AD543B00FAC978 /* Info.plist */,
				F135351426AD543B00FAC978 /* main.m */,
				F135351626AD543B00FAC978 /* CountPackageSize.entitlements */,
			);
			path = CountPackageSize;
			sourceTree = "<group>";
		};
		F135352A26AD560700FAC978 /* Libs */ = {
			isa = PBXGroup;
			children = (
				F135352B26AD560700FAC978 /* EmptyTestLib.framework */,
			);
			path = Libs;
			sourceTree = "<group>";
		};
/* End PBXGroup section */

/* Begin PBXNativeTarget section */
		F135350426AD543A00FAC978 /* CountPackageSize */ = {
			isa = PBXNativeTarget;
			buildConfigurationList = F135351926AD543B00FAC978 /* Build configuration list for PBXNativeTarget "CountPackageSize" */;
			buildPhases = (
				F135350126AD543A00FAC978 /* Sources */,
				F135350226AD543A00FAC978 /* Frameworks */,
				F135350326AD543A00FAC978 /* Resources */,
				F135352F26AD560F00FAC978 /* Embed Frameworks */,
			);
			buildRules = (
			);
			dependencies = (
			);
			name = CountPackageSize;
			productName = CountPackageSize;
			productReference = F135350526AD543A00FAC978 /* CountPackageSize.app */;
			productType = "com.apple.product-type.application";
		};
/* End PBXNativeTarget section */

/* Begin PBXProject section */
		F13534FD26AD543A00FAC978 /* Project object */ = {
			isa = PBXProject;
			attributes = {
				LastUpgradeCheck = 1250;
				TargetAttributes = {
					F135350426AD543A00FAC978 = {
						CreatedOnToolsVersion = 12.5.1;
					};
				};
			};
			buildConfigurationList = F135350026AD543A00FAC978 /* Build configuration list for PBXProject "CountPackageSize" */;
			compatibilityVersion = "Xcode 9.3";
			developmentRegion = en;
			hasScannedForEncodings = 0;
			knownRegions = (
				en,
				Base,
			);
			mainGroup = F13534FC26AD543A00FAC978;
			productRefGroup = F135350626AD543A00FAC978 /* Products */;
			projectDirPath = "";
			projectRoot = "";
			targets = (
				F135350426AD543A00FAC978 /* CountPackageSize */,
			);
		};
/* End PBXProject section */

/* Begin PBXResourcesBuildPhase section */
		F135350326AD543A00FAC978 /* Resources */ = {
			isa = PBXResourcesBuildPhase;
			buildActionMask = 2147483647;
			files = (
				F135350F26AD543B00FAC978 /* Assets.xcassets in Resources */,
				F135351226AD543B00FAC978 /* Main.storyboard in Resources */,
			);
			runOnlyForDeploymentPostprocessing = 0;
		};
/* End PBXResourcesBuildPhase section */

/* Begin PBXSourcesBuildPhase section */
		F135350126AD543A00FAC978 /* Sources */ = {
			isa = PBXSourcesBuildPhase;
			buildActionMask = 2147483647;
			files = (
				F135350D26AD543A00FAC978 /* ViewController.m in Sources */,
				F135351526AD543B00FAC978 /* main.m in Sources */,
				F135350A26AD543A00FAC978 /* AppDelegate.m in Sources */,
			);
			runOnlyForDeploymentPostprocessing = 0;
		};
/* End PBXSourcesBuildPhase section */

/* Begin PBXVariantGroup section */
		F135351026AD543B00FAC978 /* Main.storyboard */ = {
			isa = PBXVariantGroup;
			children = (
				F135351126AD543B00FAC978 /* Base */,
			);
			name = Main.storyboard;
			sourceTree = "<group>";
		};
/* End PBXVariantGroup section */

/* Begin XCBuildConfiguration section */
		F135351726AD543B00FAC978 /* Debug */ = {
			isa = XCBuildConfiguration;
			buildSettings = {
				ALWAYS_SEARCH_USER_PATHS = NO;
				CLANG_ANALYZER_NONNULL = YES;
				CLANG_ANALYZER_NUMBER_OBJECT_CONVERSION = YES_AGGRESSIVE;
				CLANG_CXX_LANGUAGE_STANDARD = "gnu++14";
				CLANG_CXX_LIBRARY = "libc++";
				CLANG_ENABLE_MODULES = YES;
				CLANG_ENABLE_OBJC_ARC = YES;
				CLANG_ENABLE_OBJC_WEAK = YES;
				CLANG_WARN_BLOCK_CAPTURE_AUTORELEASING = YES;
				CLANG_WARN_BOOL_CONVERSION = YES;
				CLANG_WARN_COMMA = YES;
				CLANG_WARN_CONSTANT_CONVERSION = YES;
				CLANG_WARN_DEPRECATED_OBJC_IMPLEMENTATIONS = YES;
				CLANG_WARN_DIRECT_OBJC_ISA_USAGE = YES_ERROR;
				CLANG_WARN_DOCUMENTATION_COMMENTS = YES;
				CLANG_WARN_EMPTY_BODY = YES;
				CLANG_WARN_ENUM_CONVERSION = YES;
				CLANG_WARN_INFINITE_RECURSION = YES;
				CLANG_WARN_INT_CONVERSION = YES;
				CLANG_WARN_NON_LITERAL_NULL_CONVERSION = YES;
				CLANG_WARN_OBJC_IMPLICIT_RETAIN_SELF = YES;
				CLANG_WARN_OBJC_LITERAL_CONVERSION = YES;
				CLANG_WARN_OBJC_ROOT_CLASS = YES_ERROR;
				CLANG_WARN_QUOTED_INCLUDE_IN_FRAMEWORK_HEADER = YES;
				CLANG_WARN_RANGE_LOOP_ANALYSIS = YES;
				CLANG_WARN_STRICT_PROTOTYPES = YES;
				CLANG_WARN_SUSPICIOUS_MOVE = YES;
				CLANG_WARN_UNGUARDED_AVAILABILITY = YES_AGGRESSIVE;
				CLANG_WARN_UNREACHABLE_CODE = YES;
				CLANG_WARN__DUPLICATE_METHOD_MATCH = YES;
				COPY_PHASE_STRIP = NO;
				DEBUG_INFORMATION_FORMAT = dwarf;
				ENABLE_STRICT_OBJC_MSGSEND = YES;
				ENABLE_TESTABILITY = YES;
				GCC_C_LANGUAGE_STANDARD = gnu11;
				GCC_DYNAMIC_NO_PIC = NO;
				GCC_NO_COMMON_BLOCKS = YES;
				GCC_OPTIMIZATION_LEVEL = 0;
				GCC_PREPROCESSOR_DEFINITIONS = (
					"DEBUG=1",
					"$(inherited)",
				);
				GCC_WARN_64_TO_32_BIT_CONVERSION = YES;
				GCC_WARN_ABOUT_RETURN_TYPE = YES_ERROR;
				GCC_WARN_UNDECLARED_SELECTOR = YES;
				GCC_WARN_UNINITIALIZED_AUTOS = YES_AGGRESSIVE;
				GCC_WARN_UNUSED_FUNCTION = YES;
				GCC_WARN_UNUSED_VARIABLE = YES;
				MACOSX_DEPLOYMENT_TARGET = 11.3;
				MTL_ENABLE_DEBUG_INFO = INCLUDE_SOURCE;
				MTL_FAST_MATH = YES;
				ONLY_ACTIVE_ARCH = YES;
				SDKROOT = macosx;
			};
			name = Debug;
		};
		F135351826AD543B00FAC978 /* Release */ = {
			isa = XCBuildConfiguration;
			buildSettings = {
				ALWAYS_SEARCH_USER_PATHS = NO;
				CLANG_ANALYZER_NONNULL = YES;
				CLANG_ANALYZER_NUMBER_OBJECT_CONVERSION = YES_AGGRESSIVE;
				CLANG_CXX_LANGUAGE_STANDARD = "gnu++14";
				CLANG_CXX_LIBRARY = "libc++";
				CLANG_ENABLE_MODULES = YES;
				CLANG_ENABLE_OBJC_ARC = YES;
				CLANG_ENABLE_OBJC_WEAK = YES;
				CLANG_WARN_BLOCK_CAPTURE_AUTORELEASING = YES;
				CLANG_WARN_BOOL_CONVERSION = YES;
				CLANG_WARN_COMMA = YES;
				CLANG_WARN_CONSTANT_CONVERSION = YES;
				CLANG_WARN_DEPRECATED_OBJC_IMPLEMENTATIONS = YES;
				CLANG_WARN_DIRECT_OBJC_ISA_USAGE = YES_ERROR;
				CLANG_WARN_DOCUMENTATION_COMMENTS = YES;
				CLANG_WARN_EMPTY_BODY = YES;
				CLANG_WARN_ENUM_CONVERSION = YES;
				CLANG_WARN_INFINITE_RECURSION = YES;
				CLANG_WARN_INT_CONVERSION = YES;
				CLANG_WARN_NON_LITERAL_NULL_CONVERSION = YES;
				CLANG_WARN_OBJC_IMPLICIT_RETAIN_SELF = YES;
				CLANG_WARN_OBJC_LITERAL_CONVERSION = YES;
				CLANG_WARN_OBJC_ROOT_CLASS = YES_ERROR;
				CLANG_WARN_QUOTED_INCLUDE_IN_FRAMEWORK_HEADER = YES;
				CLANG_WARN_RANGE_LOOP_ANALYSIS = YES;
				CLANG_WARN_STRICT_PROTOTYPES = YES;
				CLANG_WARN_SUSPICIOUS_MOVE = YES;
				CLANG_WARN_UNGUARDED_AVAILABILITY = YES_AGGRESSIVE;
				CLANG_WARN_UNREACHABLE_CODE = YES;
				CLANG_WARN__DUPLICATE_METHOD_MATCH = YES;
				COPY_PHASE_STRIP = NO;
				DEBUG_INFORMATION_FORMAT = "dwarf-with-dsym";
				ENABLE_NS_ASSERTIONS = NO;
				ENABLE_STRICT_OBJC_MSGSEND = YES;
				GCC_C_LANGUAGE_STANDARD = gnu11;
				GCC_NO_COMMON_BLOCKS = YES;
				GCC_WARN_64_TO_32_BIT_CONVERSION = YES;
				GCC_WARN_ABOUT_RETURN_TYPE = YES_ERROR;
				GCC_WARN_UNDECLARED_SELECTOR = YES;
				GCC_WARN_UNINITIALIZED_AUTOS = YES_AGGRESSIVE;
				GCC_WARN_UNUSED_FUNCTION = YES;
				GCC_WARN_UNUSED_VARIABLE = YES;
				MACOSX_DEPLOYMENT_TARGET = 11.3;
				MTL_ENABLE_DEBUG_INFO = NO;
				MTL_FAST_MATH = YES;
				SDKROOT = macosx;
			};
			name = Release;
		};
		F135351A26AD543B00FAC978 /* Debug */ = {
			isa = XCBuildConfiguration;
			buildSettings = {
				ARCHS = x86_64;
				ASSETCATALOG_COMPILER_APPICON_NAME = AppIcon;
				ASSETCATALOG_COMPILER_GLOBAL_ACCENT_COLOR_NAME = AccentColor;
				CODE_SIGN_ENTITLEMENTS = CountPackageSize/CountPackageSize.entitlements;
				CODE_SIGN_STYLE = Automatic;
				COMBINE_HIDPI_IMAGES = YES;
				DEVELOPMENT_TEAM = B82BHJ5H89;
				ENABLE_HARDENED_RUNTIME = YES;
				FRAMEWORK_SEARCH_PATHS = (
					"$(inherited)",
					"$(PROJECT_DIR)/Libs",
				);
				INFOPLIST_FILE = CountPackageSize/Info.plist;
				LD_RUNPATH_SEARCH_PATHS = (
					"$(inherited)",
					"@executable_path/../Frameworks",
				);
				PRODUCT_BUNDLE_IDENTIFIER = im.zego.CountPackageSize;
				PRODUCT_NAME = "$(TARGET_NAME)";
			};
			name = Debug;
		};
		F135351B26AD543B00FAC978 /* Release */ = {
			isa = XCBuildConfiguration;
			buildSettings = {
				ARCHS = x86_64;
				ASSETCATALOG_COMPILER_APPICON_NAME = AppIcon;
				ASSETCATALOG_COMPILER_GLOBAL_ACCENT_COLOR_NAME = AccentColor;
				CODE_SIGN_ENTITLEMENTS = CountPackageSize/CountPackageSize.entitlements;
				CODE_SIGN_STYLE = Automatic;
				COMBINE_HIDPI_IMAGES = YES;
				DEVELOPMENT_TEAM = B82BHJ5H89;
				ENABLE_HARDENED_RUNTIME = YES;
				FRAMEWORK_SEARCH_PATHS = (
					"$(inherited)",
					"$(PROJECT_DIR)/Libs",
				);
				INFOPLIST_FILE = CountPackageSize/Info.plist;
				LD_RUNPATH_SEARCH_PATHS = (
					"$(inherited)",
					"@executable_path/../Frameworks",
				);
				PRODUCT_BUNDLE_IDENTIFIER = im.zego.CountPackageSize;
				PRODUCT_NAME = "$(TARGET_NAME)";
			};
			name = Release;
		};
/* End XCBuildConfiguration section */

/* Begin XCConfigurationList section */
		F135350026AD543A00FAC978 /* Build configuration list for PBXProject "CountPackageSize" */ = {
			isa = XCConfigurationList;
			buildConfigurations = (
				F135351726AD543B00FAC978 /* Debug */,
				F135351826AD543B00FAC978 /* Release */,
			);
			defaultConfigurationIsVisible = 0;
			defaultConfigurationName = Release;
		};
		F135351926AD543B00FAC978 /* Build configuration list for PBXNativeTarget "CountPackageSize" */ = {
			isa = XCConfigurationList;
			buildConfigurations = (
				F135351A26AD543B00FAC978 /* Debug */,
				F135351B26AD543B00FAC978 /* Release */,
			);
			defaultConfigurationIsVisible = 0;
			defaultConfigurationName = Release;
		};
/* End XCConfigurationList section */
	};
	rootObject = F13534FD26AD543A00FAC978 /* Project object */;
}
