// !$*UTF8*$!
{
	archiveVersion = 1;
	classes = {
	};
	objectVersion = 52;
	objects = {

/* Begin PBXBuildFile section */
		F13533F726A5104900FAC978 /* AppDelegate.m in Sources */ = {isa = PBXBuildFile; fileRef = F13533F626A5104900FAC978 /* AppDelegate.m */; };
		F13533FD26A5104900FAC978 /* ViewController.m in Sources */ = {isa = PBXBuildFile; fileRef = F13533FC26A5104900FAC978 /* ViewController.m */; };
		F135340026A5104900FAC978 /* Main.storyboard in Resources */ = {isa = PBXBuildFile; fileRef = F13533FE26A5104900FAC978 /* Main.storyboard */; };
		F135340226A5104B00FAC978 /* Assets.xcassets in Resources */ = {isa = PBXBuildFile; fileRef = F135340126A5104B00FAC978 /* Assets.xcassets */; };
		F135340526A5104B00FAC978 /* LaunchScreen.storyboard in Resources */ = {isa = PBXBuildFile; fileRef = F135340326A5104B00FAC978 /* LaunchScreen.storyboard */; };
		F135340826A5104B00FAC978 /* main.m in Sources */ = {isa = PBXBuildFile; fileRef = F135340726A5104B00FAC978 /* main.m */; };
		F13534EA26ABFA7800FAC978 /* EmptyTestLib.framework in Frameworks */ = {isa = PBXBuildFile; fileRef = F13534E826ABFA1500FAC978 /* EmptyTestLib.framework */; };
		F13534EB26ABFA7800FAC978 /* EmptyTestLib.framework in Embed Frameworks */ = {isa = PBXBuildFile; fileRef = F13534E826ABFA1500FAC978 /* EmptyTestLib.framework */; settings = {ATTRIBUTES = (CodeSignOnCopy, RemoveHeadersOnCopy, ); }; };
/* End PBXBuildFile section */

/* Begin PBXCopyFilesBuildPhase section */
		F135341926A512C400FAC978 /* Embed Frameworks */ = {
			isa = PBXCopyFilesBuildPhase;
			buildActionMask = 2147483647;
			dstPath = "";
			dstSubfolderSpec = 10;
			files = (
				F13534EB26ABFA7800FAC978 /* EmptyTestLib.framework in Embed Frameworks */,
			);
			name = "Embed Frameworks";
			runOnlyForDeploymentPostprocessing = 0;
		};
/* End PBXCopyFilesBuildPhase section */

/* Begin PBXFileReference section */
		F13533F226A5104900FAC978 /* CountPackageSize.app */ = {isa = PBXFileReference; explicitFileType = wrapper.application; includeInIndex = 0; path = CountPackageSize.app; sourceTree = BUILT_PRODUCTS_DIR; };
		F13533F526A5104900FAC978 /* AppDelegate.h */ = {isa = PBXFileReference; lastKnownFileType = sourcecode.c.h; path = AppDelegate.h; sourceTree = "<group>"; };
		F13533F626A5104900FAC978 /* AppDelegate.m */ = {isa = PBXFileReference; lastKnownFileType = sourcecode.c.objc; path = AppDelegate.m; sourceTree = "<group>"; };
		F13533FB26A5104900FAC978 /* ViewController.h */ = {isa = PBXFileReference; lastKnownFileType = sourcecode.c.h; path = ViewController.h; sourceTree = "<group>"; };
		F13533FC26A5104900FAC978 /* ViewController.m */ = {isa = PBXFileReference; lastKnownFileType = sourcecode.c.objc; path = ViewController.m; sourceTree = "<group>"; };
		F13533FF26A5104900FAC978 /* Base */ = {isa = PBXFileReference; lastKnownFileType = file.storyboard; name = Base; path = Base.lproj/Main.storyboard; sourceTree = "<group>"; };
		F135340126A5104B00FAC978 /* Assets.xcassets */ = {isa = PBXFileReference; lastKnownFileType = folder.assetcatalog; path = Assets.xcassets; sourceTree = "<group>"; };
		F135340426A5104B00FAC978 /* Base */ = {isa = PBXFileReference; lastKnownFileType = file.storyboard; name = Base; path = Base.lproj/LaunchScreen.storyboard; sourceTree = "<group>"; };
		F135340626A5104B00FAC978 /* Info.plist */ = {isa = PBXFileReference; lastKnownFileType = text.plist.xml; path = Info.plist; sourceTree = "<group>"; };
		F135340726A5104B00FAC978 /* main.m */ = {isa = PBXFileReference; lastKnownFileType = sourcecode.c.objc; path = main.m; sourceTree = "<group>"; };
		F13534E826ABFA1500FAC978 /* EmptyTestLib.framework */ = {isa = PBXFileReference; lastKnownFileType = wrapper.framework; path = EmptyTestLib.framework; sourceTree = "<group>"; };
/* End PBXFileReference section */

/* Begin PBXFrameworksBuildPhase section */
		F13533EF26A5104900FAC978 /* Frameworks */ = {
			isa = PBXFrameworksBuildPhase;
			buildActionMask = 2147483647;
			files = (
				F13534EA26ABFA7800FAC978 /* EmptyTestLib.framework in Frameworks */,
			);
			runOnlyForDeploymentPostprocessing = 0;
		};
/* End PBXFrameworksBuildPhase section */

/* Begin PBXGroup section */
		F13533E926A5104900FAC978 = {
			isa = PBXGroup;
			children = (
				F135341226A5126600FAC978 /* Libs */,
				F13533F426A5104900FAC978 /* CountPackageSize */,
				F13533F326A5104900FAC978 /* Products */,
			);
			sourceTree = "<group>";
		};
		F13533F326A5104900FAC978 /* Products */ = {
			isa = PBXGroup;
			children = (
				F13533F226A5104900FAC978 /* CountPackageSize.app */,
			);
			name = Products;
			sourceTree = "<group>";
		};
		F13533F426A5104900FAC978 /* CountPackageSize */ = {
			isa = PBXGroup;
			children = (
				F13533F526A5104900FAC978 /* AppDelegate.h */,
				F13533F626A5104900FAC978 /* AppDelegate.m */,
				F13533FB26A5104900FAC978 /* ViewController.h */,
				F13533FC26A5104900FAC978 /* ViewController.m */,
				F13533FE26A5104900FAC978 /* Main.storyboard */,
				F135340126A5104B00FAC978 /* Assets.xcassets */,
				F135340326A5104B00FAC978 /* LaunchScreen.storyboard */,
				F135340626A5104B00FAC978 /* Info.plist */,
				F135340726A5104B00FAC978 /* main.m */,
			);
			path = CountPackageSize;
			sourceTree = "<group>";
		};
		F135341226A5126600FAC978 /* Libs */ = {
			isa = PBXGroup;
			children = (
				F13534E826ABFA1500FAC978 /* EmptyTestLib.framework */,
			);
			path = Libs;
			sourceTree = "<group>";
		};
/* End PBXGroup section */

/* Begin PBXNativeTarget section */
		F13533F126A5104900FAC978 /* CountPackageSize */ = {
			isa = PBXNativeTarget;
			buildConfigurationList = F135340B26A5104B00FAC978 /* Build configuration list for PBXNativeTarget "CountPackageSize" */;
			buildPhases = (
				F13533EE26A5104900FAC978 /* Sources */,
				F13533EF26A5104900FAC978 /* Frameworks */,
				F13533F026A5104900FAC978 /* Resources */,
				F135341926A512C400FAC978 /* Embed Frameworks */,
			);
			buildRules = (
			);
			dependencies = (
			);
			name = CountPackageSize;
			productName = CountPackageSize;
			productReference = F13533F226A5104900FAC978 /* CountPackageSize.app */;
			productType = "com.apple.product-type.application";
		};
/* End PBXNativeTarget section */

/* Begin PBXProject section */
		F13533EA26A5104900FAC978 /* Project object */ = {
			isa = PBXProject;
			attributes = {
				LastUpgradeCheck = 1250;
				TargetAttributes = {
					F13533F126A5104900FAC978 = {
						CreatedOnToolsVersion = 12.5.1;
					};
				};
			};
			buildConfigurationList = F13533ED26A5104900FAC978 /* Build configuration list for PBXProject "CountPackageSize" */;
			compatibilityVersion = "Xcode 9.3";
			developmentRegion = en;
			hasScannedForEncodings = 0;
			knownRegions = (
				en,
				Base,
			);
			mainGroup = F13533E926A5104900FAC978;
			productRefGroup = F13533F326A5104900FAC978 /* Products */;
			projectDirPath = "";
			projectRoot = "";
			targets = (
				F13533F126A5104900FAC978 /* CountPackageSize */,
			);
		};
/* End PBXProject section */

/* Begin PBXResourcesBuildPhase section */
		F13533F026A5104900FAC978 /* Resources */ = {
			isa = PBXResourcesBuildPhase;
			buildActionMask = 2147483647;
			files = (
				F135340526A5104B00FAC978 /* LaunchScreen.storyboard in Resources */,
				F135340226A5104B00FAC978 /* Assets.xcassets in Resources */,
				F135340026A5104900FAC978 /* Main.storyboard in Resources */,
			);
			runOnlyForDeploymentPostprocessing = 0;
		};
/* End PBXResourcesBuildPhase section */

/* Begin PBXSourcesBuildPhase section */
		F13533EE26A5104900FAC978 /* Sources */ = {
			isa = PBXSourcesBuildPhase;
			buildActionMask = 2147483647;
			files = (
				F13533FD26A5104900FAC978 /* ViewController.m in Sources */,
				F13533F726A5104900FAC978 /* AppDelegate.m in Sources */,
				F135340826A5104B00FAC978 /* main.m in Sources */,
			);
			runOnlyForDeploymentPostprocessing = 0;
		};
/* End PBXSourcesBuildPhase section */

/* Begin PBXVariantGroup section */
		F13533FE26A5104900FAC978 /* Main.storyboard */ = {
			isa = PBXVariantGroup;
			children = (
				F13533FF26A5104900FAC978 /* Base */,
			);
			name = Main.storyboard;
			sourceTree = "<group>";
		};
		F135340326A5104B00FAC978 /* LaunchScreen.storyboard */ = {
			isa = PBXVariantGroup;
			children = (
				F135340426A5104B00FAC978 /* Base */,
			);
			name = LaunchScreen.storyboard;
			sourceTree = "<group>";
		};
/* End PBXVariantGroup section */

/* Begin XCBuildConfiguration section */
		F135340926A5104B00FAC978 /* Debug */ = {
			isa = XCBuildConfiguration;
			buildSettings = {
				ALWAYS_SEARCH_USER_PATHS = NO;
				CLANG_ANALYZER_NONNULL = YES;
				CLANG_ANALYZER_NUMBER_OBJECT_CONVERSION = YES_AGGRESSIVE;
				CLANG_CXX_LANGUAGE_STANDARD = "gnu++14";
				CLANG_CXX_LIBRARY = "libc++";
				CLANG_ENABLE_MODULES = YES;
				CLANG_ENABLE_OBJC_ARC = YES;
				CLANG_ENABLE_OBJC_WEAK = YES;
				CLANG_WARN_BLOCK_CAPTURE_AUTORELEASING = YES;
				CLANG_WARN_BOOL_CONVERSION = YES;
				CLANG_WARN_COMMA = YES;
				CLANG_WARN_CONSTANT_CONVERSION = YES;
				CLANG_WARN_DEPRECATED_OBJC_IMPLEMENTATIONS = YES;
				CLANG_WARN_DIRECT_OBJC_ISA_USAGE = YES_ERROR;
				CLANG_WARN_DOCUMENTATION_COMMENTS = YES;
				CLANG_WARN_EMPTY_BODY = YES;
				CLANG_WARN_ENUM_CONVERSION = YES;
				CLANG_WARN_INFINITE_RECURSION = YES;
				CLANG_WARN_INT_CONVERSION = YES;
				CLANG_WARN_NON_LITERAL_NULL_CONVERSION = YES;
				CLANG_WARN_OBJC_IMPLICIT_RETAIN_SELF = YES;
				CLANG_WARN_OBJC_LITERAL_CONVERSION = YES;
				CLANG_WARN_OBJC_ROOT_CLASS = YES_ERROR;
				CLANG_WARN_QUOTED_INCLUDE_IN_FRAMEWORK_HEADER = YES;
				CLANG_WARN_RANGE_LOOP_ANALYSIS = YES;
				CLANG_WARN_STRICT_PROTOTYPES = YES;
				CLANG_WARN_SUSPICIOUS_MOVE = YES;
				CLANG_WARN_UNGUARDED_AVAILABILITY = YES_AGGRESSIVE;
				CLANG_WARN_UNREACHABLE_CODE = YES;
				CLANG_WARN__DUPLICATE_METHOD_MATCH = YES;
				COPY_PHASE_STRIP = NO;
				DEBUG_INFORMATION_FORMAT = dwarf;
				ENABLE_STRICT_OBJC_MSGSEND = YES;
				ENABLE_TESTABILITY = YES;
				GCC_C_LANGUAGE_STANDARD = gnu11;
				GCC_DYNAMIC_NO_PIC = NO;
				GCC_NO_COMMON_BLOCKS = YES;
				GCC_OPTIMIZATION_LEVEL = 0;
				GCC_PREPROCESSOR_DEFINITIONS = (
					"DEBUG=1",
					"$(inherited)",
				);
				GCC_WARN_64_TO_32_BIT_CONVERSION = YES;
				GCC_WARN_ABOUT_RETURN_TYPE = YES_ERROR;
				GCC_WARN_UNDECLARED_SELECTOR = YES;
				GCC_WARN_UNINITIALIZED_AUTOS = YES_AGGRESSIVE;
				GCC_WARN_UNUSED_FUNCTION = YES;
				GCC_WARN_UNUSED_VARIABLE = YES;
				IPHONEOS_DEPLOYMENT_TARGET = 14.5;
				MTL_ENABLE_DEBUG_INFO = INCLUDE_SOURCE;
				MTL_FAST_MATH = YES;
				ONLY_ACTIVE_ARCH = YES;
				SDKROOT = iphoneos;
			};
			name = Debug;
		};
		F135340A26A5104B00FAC978 /* Release */ = {
			isa = XCBuildConfiguration;
			buildSettings = {
				ALWAYS_SEARCH_USER_PATHS = NO;
				CLANG_ANALYZER_NONNULL = YES;
				CLANG_ANALYZER_NUMBER_OBJECT_CONVERSION = YES_AGGRESSIVE;
				CLANG_CXX_LANGUAGE_STANDARD = "gnu++14";
				CLANG_CXX_LIBRARY = "libc++";
				CLANG_ENABLE_MODULES = YES;
				CLANG_ENABLE_OBJC_ARC = YES;
				CLANG_ENABLE_OBJC_WEAK = YES;
				CLANG_WARN_BLOCK_CAPTURE_AUTORELEASING = YES;
				CLANG_WARN_BOOL_CONVERSION = YES;
				CLANG_WARN_COMMA = YES;
				CLANG_WARN_CONSTANT_CONVERSION = YES;
				CLANG_WARN_DEPRECATED_OBJC_IMPLEMENTATIONS = YES;
				CLANG_WARN_DIRECT_OBJC_ISA_USAGE = YES_ERROR;
				CLANG_WARN_DOCUMENTATION_COMMENTS = YES;
				CLANG_WARN_EMPTY_BODY = YES;
				CLANG_WARN_ENUM_CONVERSION = YES;
				CLANG_WARN_INFINITE_RECURSION = YES;
				CLANG_WARN_INT_CONVERSION = YES;
				CLANG_WARN_NON_LITERAL_NULL_CONVERSION = YES;
				CLANG_WARN_OBJC_IMPLICIT_RETAIN_SELF = YES;
				CLANG_WARN_OBJC_LITERAL_CONVERSION = YES;
				CLANG_WARN_OBJC_ROOT_CLASS = YES_ERROR;
				CLANG_WARN_QUOTED_INCLUDE_IN_FRAMEWORK_HEADER = YES;
				CLANG_WARN_RANGE_LOOP_ANALYSIS = YES;
				CLANG_WARN_STRICT_PROTOTYPES = YES;
				CLANG_WARN_SUSPICIOUS_MOVE = YES;
				CLANG_WARN_UNGUARDED_AVAILABILITY = YES_AGGRESSIVE;
				CLANG_WARN_UNREACHABLE_CODE = YES;
				CLANG_WARN__DUPLICATE_METHOD_MATCH = YES;
				COPY_PHASE_STRIP = NO;
				DEBUG_INFORMATION_FORMAT = "dwarf-with-dsym";
				ENABLE_NS_ASSERTIONS = NO;
				ENABLE_STRICT_OBJC_MSGSEND = YES;
				GCC_C_LANGUAGE_STANDARD = gnu11;
				GCC_NO_COMMON_BLOCKS = YES;
				GCC_WARN_64_TO_32_BIT_CONVERSION = YES;
				GCC_WARN_ABOUT_RETURN_TYPE = YES_ERROR;
				GCC_WARN_UNDECLARED_SELECTOR = YES;
				GCC_WARN_UNINITIALIZED_AUTOS = YES_AGGRESSIVE;
				GCC_WARN_UNUSED_FUNCTION = YES;
				GCC_WARN_UNUSED_VARIABLE = YES;
				IPHONEOS_DEPLOYMENT_TARGET = 14.5;
				MTL_ENABLE_DEBUG_INFO = NO;
				MTL_FAST_MATH = YES;
				SDKROOT = iphoneos;
				VALIDATE_PRODUCT = YES;
			};
			name = Release;
		};
		F135340C26A5104B00FAC978 /* Debug */ = {
			isa = XCBuildConfiguration;
			buildSettings = {
				ARCHS = arm64;
				ASSETCATALOG_COMPILER_APPICON_NAME = AppIcon;
				ASSETCATALOG_COMPILER_GLOBAL_ACCENT_COLOR_NAME = AccentColor;
				CODE_SIGN_STYLE = Automatic;
				DEVELOPMENT_TEAM = B82BHJ5H89;
				FRAMEWORK_SEARCH_PATHS = (
					"$(inherited)",
					"$(PROJECT_DIR)/Libs",
				);
				INFOPLIST_FILE = CountPackageSize/Info.plist;
				IPHONEOS_DEPLOYMENT_TARGET = 14.0;
				LD_RUNPATH_SEARCH_PATHS = (
					"$(inherited)",
					"@executable_path/Frameworks",
				);
				ONLY_ACTIVE_ARCH = YES;
				PRODUCT_BUNDLE_IDENTIFIER = im.zego.CountPackageSize;
				PRODUCT_NAME = "$(TARGET_NAME)";
				TARGETED_DEVICE_FAMILY = 1;
				VALIDATE_WORKSPACE = YES;
			};
			name = Debug;
		};
		F135340D26A5104B00FAC978 /* Release */ = {
			isa = XCBuildConfiguration;
			buildSettings = {
				ARCHS = arm64;
				ASSETCATALOG_COMPILER_APPICON_NAME = AppIcon;
				ASSETCATALOG_COMPILER_GLOBAL_ACCENT_COLOR_NAME = AccentColor;
				CODE_SIGN_STYLE = Automatic;
				DEVELOPMENT_TEAM = B82BHJ5H89;
				FRAMEWORK_SEARCH_PATHS = (
					"$(inherited)",
					"$(PROJECT_DIR)/Libs",
				);
				INFOPLIST_FILE = CountPackageSize/Info.plist;
				IPHONEOS_DEPLOYMENT_TARGET = 14.0;
				LD_RUNPATH_SEARCH_PATHS = (
					"$(inherited)",
					"@executable_path/Frameworks",
				);
				ONLY_ACTIVE_ARCH = YES;
				PRODUCT_BUNDLE_IDENTIFIER = im.zego.CountPackageSize;
				PRODUCT_NAME = "$(TARGET_NAME)";
				TARGETED_DEVICE_FAMILY = 1;
				VALIDATE_WORKSPACE = YES;
			};
			name = Release;
		};
/* End XCBuildConfiguration section */

/* Begin XCConfigurationList section */
		F13533ED26A5104900FAC978 /* Build configuration list for PBXProject "CountPackageSize" */ = {
			isa = XCConfigurationList;
			buildConfigurations = (
				F135340926A5104B00FAC978 /* Debug */,
				F135340A26A5104B00FAC978 /* Release */,
			);
			defaultConfigurationIsVisible = 0;
			defaultConfigurationName = Release;
		};
		F135340B26A5104B00FAC978 /* Build configuration list for PBXNativeTarget "CountPackageSize" */ = {
			isa = XCConfigurationList;
			buildConfigurations = (
				F135340C26A5104B00FAC978 /* Debug */,
				F135340D26A5104B00FAC978 /* Release */,
			);
			defaultConfigurationIsVisible = 0;
			defaultConfigurationName = Release;
		};
/* End XCConfigurationList section */
	};
	rootObject = F13533EA26A5104900FAC978 /* Project object */;
}
